
Microsoft Visual Studio Solution File, Format Version 12.00
# Visual Studio Version 17
VisualStudioVersion = 17.9.34622.214
MinimumVisualStudioVersion = 10.0.40219.1
Project("{9A19103F-16F7-4668-BE54-9A1E7A4F7556}") = "NoelleNet.Core", "src\NoelleNet.Core\NoelleNet.Core.csproj", "{9EE23759-9D9B-45FB-8BC2-0535C4B7A233}"
EndProject
Project("{9A19103F-16F7-4668-BE54-9A1E7A4F7556}") = "NoelleNet.Ddd.Domain", "src\NoelleNet.Ddd.Domain\NoelleNet.Ddd.Domain.csproj", "{7DC9314E-5C6B-44A3-853B-90805B29597B}"
EndProject
Project("{9A19103F-16F7-4668-BE54-9A1E7A4F7556}") = "NoelleNet.EntityFrameworkCore", "src\NoelleNet.EntityFrameworkCore\NoelleNet.EntityFrameworkCore.csproj", "{29E235E1-108B-4B03-8220-79ED5FA3EDEA}"
EndProject
Project("{9A19103F-16F7-4668-BE54-9A1E7A4F7556}") = "NoelleNet.AspNetCore", "src\NoelleNet.AspNetCore\NoelleNet.AspNetCore.csproj", "{703EE1DC-CEA0-4CC8-8FDE-37E2B0653DF5}"
EndProject
Project("{9A19103F-16F7-4668-BE54-9A1E7A4F7556}") = "NoelleNet.Extensions.MediatR", "src\NoelleNet.Extensions.MediatR\NoelleNet.Extensions.MediatR.csproj", "{DEA0D74A-4B59-4262-9983-2AD1DB702F37}"
EndProject
Project("{9A19103F-16F7-4668-BE54-9A1E7A4F7556}") = "NoelleNet.Auditing", "src\NoelleNet.Auditing\NoelleNet.Auditing.csproj", "{66E8DE4E-A4F0-4A63-B221-55430D225E52}"
EndProject
Project("{2150E333-8FDC-42A3-9474-1A3956D46DE8}") = "src", "src", "{F25EE19B-87D4-43F0-A082-4E280B7C9BD9}"
EndProject
Project("{2150E333-8FDC-42A3-9474-1A3956D46DE8}") = "test", "test", "{2C1F4967-C465-41CD-83E9-38DE7CA2F6F3}"
EndProject
Project("{2150E333-8FDC-42A3-9474-1A3956D46DE8}") = "DddProjectDemo", "DddProjectDemo", "{D9659C96-E0AF-4DAB-9F61-1AAC2F8DE536}"
EndProject
Project("{9A19103F-16F7-4668-BE54-9A1E7A4F7556}") = "Noelle.Todo.Domain", "test\DddProjectDemo\Noelle.Todo.Domain\Noelle.Todo.Domain.csproj", "{86FC9FAD-AB16-422E-AADB-599946B90B12}"
EndProject
Project("{9A19103F-16F7-4668-BE54-9A1E7A4F7556}") = "Noelle.Todo.Infrastructure", "test\DddProjectDemo\Noelle.Todo.Infrastructure\Noelle.Todo.Infrastructure.csproj", "{2A5C8C9A-0358-4BFF-AD15-C62D48B1D1FB}"
EndProject
Project("{9A19103F-16F7-4668-BE54-9A1E7A4F7556}") = "Noelle.Todo.DbMigratior", "test\DddProjectDemo\Noelle.Todo.DbMigratior\Noelle.Todo.DbMigratior.csproj", "{0607E1D8-30A7-40FC-A4A3-792BBBDF3284}"
EndProject
Project("{9A19103F-16F7-4668-BE54-9A1E7A4F7556}") = "Noelle.Todo.WebApi", "test\DddProjectDemo\Noelle.Todo.WebApi\Noelle.Todo.WebApi.csproj", "{07708D3D-5CC0-4AA0-B91B-FDA07BEFEA3E}"
EndProject
Project("{FAE04EC0-301F-11D3-BF4B-00C04F79EFBC}") = "NoelleNet.Extensions.CAP.PostgreSql", "src\NoelleNet.Extensions.CAP.PostgreSql\NoelleNet.Extensions.CAP.PostgreSql.csproj", "{71597299-F13E-4680-BF82-847DCFAA07CF}"
EndProject
Project("{2150E333-8FDC-42A3-9474-1A3956D46DE8}") = "Solution Items", "Solution Items", "{02EA681E-C7D8-13C7-8484-4AC65E1B71E8}"
	ProjectSection(SolutionItems) = preProject
		.editorconfig = .editorconfig
	EndProjectSection
EndProject
Project("{FAE04EC0-301F-11D3-BF4B-00C04F79EFBC}") = "NoelleNet.Extensions.CAP.MySql", "src\NoelleNet.Extensions.CAP.MySql\NoelleNet.Extensions.CAP.MySql.csproj", "{75498301-7FD3-E970-741A-9EFA7EF6D09B}"
EndProject
Project("{FAE04EC0-301F-11D3-BF4B-00C04F79EFBC}") = "NoelleNet.Extensions.CAP.SqlServer", "src\NoelleNet.Extensions.CAP.SqlServer\NoelleNet.Extensions.CAP.SqlServer.csproj", "{D3066BC9-B5DF-F10B-18EC-E41BB622F9FD}"
EndProject
Project("{FAE04EC0-301F-11D3-BF4B-00C04F79EFBC}") = "NoelleNet.EventBus", "src\NoelleNet.EventBus\NoelleNet.EventBus.csproj", "{311746ED-46B2-4F05-B847-CDF067B7E6C2}"
EndProject
Project("{FAE04EC0-301F-11D3-BF4B-00C04F79EFBC}") = "NoelleNet.EventBus.Local.MediatR", "src\NoelleNet.EventBus.Local.MediatR\NoelleNet.EventBus.Local.MediatR.csproj", "{585ADFC2-F3B4-42D9-A9F6-6D623FA0DC79}"
EndProject
Project("{FAE04EC0-301F-11D3-BF4B-00C04F79EFBC}") = "NoelleNet.EventBus.Distributed.CAP", "src\NoelleNet.EventBus.Distributed.CAP\NoelleNet.EventBus.Distributed.CAP.csproj", "{CDE5E1CD-440D-4B12-8EC9-9380EC701748}"
EndProject
Global
	GlobalSection(SolutionConfigurationPlatforms) = preSolution
		Debug|Any CPU = Debug|Any CPU
		Release|Any CPU = Release|Any CPU
	EndGlobalSection
	GlobalSection(ProjectConfigurationPlatforms) = postSolution
		{9EE23759-9D9B-45FB-8BC2-0535C4B7A233}.Debug|Any CPU.ActiveCfg = Debug|Any CPU
		{9EE23759-9D9B-45FB-8BC2-0535C4B7A233}.Debug|Any CPU.Build.0 = Debug|Any CPU
		{9EE23759-9D9B-45FB-8BC2-0535C4B7A233}.Release|Any CPU.ActiveCfg = Release|Any CPU
		{9EE23759-9D9B-45FB-8BC2-0535C4B7A233}.Release|Any CPU.Build.0 = Release|Any CPU
		{7DC9314E-5C6B-44A3-853B-90805B29597B}.Debug|Any CPU.ActiveCfg = Debug|Any CPU
		{7DC9314E-5C6B-44A3-853B-90805B29597B}.Debug|Any CPU.Build.0 = Debug|Any CPU
		{7DC9314E-5C6B-44A3-853B-90805B29597B}.Release|Any CPU.ActiveCfg = Release|Any CPU
		{7DC9314E-5C6B-44A3-853B-90805B29597B}.Release|Any CPU.Build.0 = Release|Any CPU
		{29E235E1-108B-4B03-8220-79ED5FA3EDEA}.Debug|Any CPU.ActiveCfg = Debug|Any CPU
		{29E235E1-108B-4B03-8220-79ED5FA3EDEA}.Debug|Any CPU.Build.0 = Debug|Any CPU
		{29E235E1-108B-4B03-8220-79ED5FA3EDEA}.Release|Any CPU.ActiveCfg = Release|Any CPU
		{29E235E1-108B-4B03-8220-79ED5FA3EDEA}.Release|Any CPU.Build.0 = Release|Any CPU
		{703EE1DC-CEA0-4CC8-8FDE-37E2B0653DF5}.Debug|Any CPU.ActiveCfg = Debug|Any CPU
		{703EE1DC-CEA0-4CC8-8FDE-37E2B0653DF5}.Debug|Any CPU.Build.0 = Debug|Any CPU
		{703EE1DC-CEA0-4CC8-8FDE-37E2B0653DF5}.Release|Any CPU.ActiveCfg = Release|Any CPU
		{703EE1DC-CEA0-4CC8-8FDE-37E2B0653DF5}.Release|Any CPU.Build.0 = Release|Any CPU
		{DEA0D74A-4B59-4262-9983-2AD1DB702F37}.Debug|Any CPU.ActiveCfg = Debug|Any CPU
		{DEA0D74A-4B59-4262-9983-2AD1DB702F37}.Debug|Any CPU.Build.0 = Debug|Any CPU
		{DEA0D74A-4B59-4262-9983-2AD1DB702F37}.Release|Any CPU.ActiveCfg = Release|Any CPU
		{DEA0D74A-4B59-4262-9983-2AD1DB702F37}.Release|Any CPU.Build.0 = Release|Any CPU
		{66E8DE4E-A4F0-4A63-B221-55430D225E52}.Debug|Any CPU.ActiveCfg = Debug|Any CPU
		{66E8DE4E-A4F0-4A63-B221-55430D225E52}.Debug|Any CPU.Build.0 = Debug|Any CPU
		{66E8DE4E-A4F0-4A63-B221-55430D225E52}.Release|Any CPU.ActiveCfg = Release|Any CPU
		{66E8DE4E-A4F0-4A63-B221-55430D225E52}.Release|Any CPU.Build.0 = Release|Any CPU
		{86FC9FAD-AB16-422E-AADB-599946B90B12}.Debug|Any CPU.ActiveCfg = Debug|Any CPU
		{86FC9FAD-AB16-422E-AADB-599946B90B12}.Debug|Any CPU.Build.0 = Debug|Any CPU
		{86FC9FAD-AB16-422E-AADB-599946B90B12}.Release|Any CPU.ActiveCfg = Release|Any CPU
		{86FC9FAD-AB16-422E-AADB-599946B90B12}.Release|Any CPU.Build.0 = Release|Any CPU
		{2A5C8C9A-0358-4BFF-AD15-C62D48B1D1FB}.Debug|Any CPU.ActiveCfg = Debug|Any CPU
		{2A5C8C9A-0358-4BFF-AD15-C62D48B1D1FB}.Debug|Any CPU.Build.0 = Debug|Any CPU
		{2A5C8C9A-0358-4BFF-AD15-C62D48B1D1FB}.Release|Any CPU.ActiveCfg = Release|Any CPU
		{2A5C8C9A-0358-4BFF-AD15-C62D48B1D1FB}.Release|Any CPU.Build.0 = Release|Any CPU
		{0607E1D8-30A7-40FC-A4A3-792BBBDF3284}.Debug|Any CPU.ActiveCfg = Debug|Any CPU
		{0607E1D8-30A7-40FC-A4A3-792BBBDF3284}.Debug|Any CPU.Build.0 = Debug|Any CPU
		{0607E1D8-30A7-40FC-A4A3-792BBBDF3284}.Release|Any CPU.ActiveCfg = Release|Any CPU
		{0607E1D8-30A7-40FC-A4A3-792BBBDF3284}.Release|Any CPU.Build.0 = Release|Any CPU
		{07708D3D-5CC0-4AA0-B91B-FDA07BEFEA3E}.Debug|Any CPU.ActiveCfg = Debug|Any CPU
		{07708D3D-5CC0-4AA0-B91B-FDA07BEFEA3E}.Debug|Any CPU.Build.0 = Debug|Any CPU
		{07708D3D-5CC0-4AA0-B91B-FDA07BEFEA3E}.Release|Any CPU.ActiveCfg = Release|Any CPU
		{07708D3D-5CC0-4AA0-B91B-FDA07BEFEA3E}.Release|Any CPU.Build.0 = Release|Any CPU
		{71597299-F13E-4680-BF82-847DCFAA07CF}.Debug|Any CPU.ActiveCfg = Debug|Any CPU
		{71597299-F13E-4680-BF82-847DCFAA07CF}.Debug|Any CPU.Build.0 = Debug|Any CPU
		{71597299-F13E-4680-BF82-847DCFAA07CF}.Release|Any CPU.ActiveCfg = Release|Any CPU
		{71597299-F13E-4680-BF82-847DCFAA07CF}.Release|Any CPU.Build.0 = Release|Any CPU
		{75498301-7FD3-E970-741A-9EFA7EF6D09B}.Debug|Any CPU.ActiveCfg = Debug|Any CPU
		{75498301-7FD3-E970-741A-9EFA7EF6D09B}.Debug|Any CPU.Build.0 = Debug|Any CPU
		{75498301-7FD3-E970-741A-9EFA7EF6D09B}.Release|Any CPU.ActiveCfg = Release|Any CPU
		{75498301-7FD3-E970-741A-9EFA7EF6D09B}.Release|Any CPU.Build.0 = Release|Any CPU
		{D3066BC9-B5DF-F10B-18EC-E41BB622F9FD}.Debug|Any CPU.ActiveCfg = Debug|Any CPU
		{D3066BC9-B5DF-F10B-18EC-E41BB622F9FD}.Debug|Any CPU.Build.0 = Debug|Any CPU
		{D3066BC9-B5DF-F10B-18EC-E41BB622F9FD}.Release|Any CPU.ActiveCfg = Release|Any CPU
		{D3066BC9-B5DF-F10B-18EC-E41BB622F9FD}.Release|Any CPU.Build.0 = Release|Any CPU
		{311746ED-46B2-4F05-B847-CDF067B7E6C2}.Debug|Any CPU.ActiveCfg = Debug|Any CPU
		{311746ED-46B2-4F05-B847-CDF067B7E6C2}.Debug|Any CPU.Build.0 = Debug|Any CPU
		{311746ED-46B2-4F05-B847-CDF067B7E6C2}.Release|Any CPU.ActiveCfg = Release|Any CPU
		{311746ED-46B2-4F05-B847-CDF067B7E6C2}.Release|Any CPU.Build.0 = Release|Any CPU
		{585ADFC2-F3B4-42D9-A9F6-6D623FA0DC79}.Debug|Any CPU.ActiveCfg = Debug|Any CPU
		{585ADFC2-F3B4-42D9-A9F6-6D623FA0DC79}.Debug|Any CPU.Build.0 = Debug|Any CPU
		{585ADFC2-F3B4-42D9-A9F6-6D623FA0DC79}.Release|Any CPU.ActiveCfg = Release|Any CPU
		{585ADFC2-F3B4-42D9-A9F6-6D623FA0DC79}.Release|Any CPU.Build.0 = Release|Any CPU
		{CDE5E1CD-440D-4B12-8EC9-9380EC701748}.Debug|Any CPU.ActiveCfg = Debug|Any CPU
		{CDE5E1CD-440D-4B12-8EC9-9380EC701748}.Debug|Any CPU.Build.0 = Debug|Any CPU
		{CDE5E1CD-440D-4B12-8EC9-9380EC701748}.Release|Any CPU.ActiveCfg = Release|Any CPU
		{CDE5E1CD-440D-4B12-8EC9-9380EC701748}.Release|Any CPU.Build.0 = Release|Any CPU
	EndGlobalSection
	GlobalSection(SolutionProperties) = preSolution
		HideSolutionNode = FALSE
	EndGlobalSection
	GlobalSection(NestedProjects) = preSolution
		{9EE23759-9D9B-45FB-8BC2-0535C4B7A233} = {F25EE19B-87D4-43F0-A082-4E280B7C9BD9}
		{7DC9314E-5C6B-44A3-853B-90805B29597B} = {F25EE19B-87D4-43F0-A082-4E280B7C9BD9}
		{29E235E1-108B-4B03-8220-79ED5FA3EDEA} = {F25EE19B-87D4-43F0-A082-4E280B7C9BD9}
		{703EE1DC-CEA0-4CC8-8FDE-37E2B0653DF5} = {F25EE19B-87D4-43F0-A082-4E280B7C9BD9}
		{DEA0D74A-4B59-4262-9983-2AD1DB702F37} = {F25EE19B-87D4-43F0-A082-4E280B7C9BD9}
		{66E8DE4E-A4F0-4A63-B221-55430D225E52} = {F25EE19B-87D4-43F0-A082-4E280B7C9BD9}
		{D9659C96-E0AF-4DAB-9F61-1AAC2F8DE536} = {2C1F4967-C465-41CD-83E9-38DE7CA2F6F3}
		{86FC9FAD-AB16-422E-AADB-599946B90B12} = {D9659C96-E0AF-4DAB-9F61-1AAC2F8DE536}
		{2A5C8C9A-0358-4BFF-AD15-C62D48B1D1FB} = {D9659C96-E0AF-4DAB-9F61-1AAC2F8DE536}
		{0607E1D8-30A7-40FC-A4A3-792BBBDF3284} = {D9659C96-E0AF-4DAB-9F61-1AAC2F8DE536}
		{07708D3D-5CC0-4AA0-B91B-FDA07BEFEA3E} = {D9659C96-E0AF-4DAB-9F61-1AAC2F8DE536}
		{71597299-F13E-4680-BF82-847DCFAA07CF} = {F25EE19B-87D4-43F0-A082-4E280B7C9BD9}
		{75498301-7FD3-E970-741A-9EFA7EF6D09B} = {F25EE19B-87D4-43F0-A082-4E280B7C9BD9}
		{D3066BC9-B5DF-F10B-18EC-E41BB622F9FD} = {F25EE19B-87D4-43F0-A082-4E280B7C9BD9}
		{311746ED-46B2-4F05-B847-CDF067B7E6C2} = {F25EE19B-87D4-43F0-A082-4E280B7C9BD9}
		{585ADFC2-F3B4-42D9-A9F6-6D623FA0DC79} = {F25EE19B-87D4-43F0-A082-4E280B7C9BD9}
		{CDE5E1CD-440D-4B12-8EC9-9380EC701748} = {F25EE19B-87D4-43F0-A082-4E280B7C9BD9}
	EndGlobalSection
	GlobalSection(ExtensibilityGlobals) = postSolution
		SolutionGuid = {8564D89B-3ADA-4DE6-939B-15439B435EAA}
	EndGlobalSection
EndGlobal
