
Microsoft Visual Studio Solution File, Format Version 12.00
# Visual Studio Version 17
VisualStudioVersion = 17.9.34728.123
MinimumVisualStudioVersion = 10.0.40219.1
Project("{2150E333-8FDC-42A3-9474-1A3956D46DE8}") = "framework", "framework", "{5926FE44-FC76-4C5B-91FE-11DEAF747CB6}"
EndProject
Project("{2150E333-8FDC-42A3-9474-1A3956D46DE8}") = "src", "src", "{25440695-9687-4194-BFCB-0A4FC7D1DC01}"
EndProject
Project("{9A19103F-16F7-4668-BE54-9A1E7A4F7556}") = "NoelleNet.Core", "..\..\framework\NoelleNet.Core\NoelleNet.Core.csproj", "{A2E85FB0-23DB-46C2-8D6F-1C835997B5EA}"
EndProject
Project("{9A19103F-16F7-4668-BE54-9A1E7A4F7556}") = "NoelleNet.Ddd.Domain", "..\..\framework\NoelleNet.Ddd.Domain\NoelleNet.Ddd.Domain.csproj", "{0F8525A5-B6EE-440D-B138-3A2E2CC77BE7}"
EndProject
Project("{9A19103F-16F7-4668-BE54-9A1E7A4F7556}") = "NoelleNet.EntityFrameworkCore", "..\..\framework\NoelleNet.EntityFrameworkCore\NoelleNet.EntityFrameworkCore.csproj", "{20496100-D912-4BD3-9EA5-D18FEDCFF60C}"
EndProject
Project("{9A19103F-16F7-4668-BE54-9A1E7A4F7556}") = "NoelleNet.AspNetCore", "..\..\framework\NoelleNet.AspNetCore\NoelleNet.AspNetCore.csproj", "{683A0F38-DCD4-42CD-BF50-E44C9E980F4B}"
EndProject
Project("{9A19103F-16F7-4668-BE54-9A1E7A4F7556}") = "Noelle.Todo.Domain", "src\Noelle.Todo.Domain\Noelle.Todo.Domain.csproj", "{E66CFA7B-BEB9-4278-9DCD-167C767E0570}"
EndProject
Project("{9A19103F-16F7-4668-BE54-9A1E7A4F7556}") = "Noelle.Todo.Infrastructure", "src\Noelle.Todo.Infrastructure\Noelle.Todo.Infrastructure.csproj", "{46F39E9C-3551-494E-8AFE-31F17673F87C}"
EndProject
Project("{9A19103F-16F7-4668-BE54-9A1E7A4F7556}") = "Noelle.Todo.DbMigratior", "src\Noelle.Todo.Migratior\Noelle.Todo.DbMigratior.csproj", "{C311B3FD-0735-4675-895A-C62B6270E974}"
EndProject
Project("{9A19103F-16F7-4668-BE54-9A1E7A4F7556}") = "NoelleNet.Extensions.MediatR", "..\..\framework\NoelleNet.Extensions.MediatR\NoelleNet.Extensions.MediatR.csproj", "{ED8CD18D-3522-4C14-826C-184A5B5DD98F}"
EndProject
Project("{9A19103F-16F7-4668-BE54-9A1E7A4F7556}") = "Noelle.Todo.WebApi", "src\Noelle.Todo.WebApi\Noelle.Todo.WebApi.csproj", "{F5543054-EB09-414A-9318-28622D75C3CF}"
EndProject
Project("{9A19103F-16F7-4668-BE54-9A1E7A4F7556}") = "NoelleNet.EntityFrameworkCore.CAP.MySql", "..\..\framework\NoelleNet.EntityFrameworkCore.CAP.MySql\NoelleNet.EntityFrameworkCore.CAP.MySql.csproj", "{D864CD7E-1F73-4E46-B237-5C0CFEB61779}"
EndProject
Global
	GlobalSection(SolutionConfigurationPlatforms) = preSolution
		Debug|Any CPU = Debug|Any CPU
		Release|Any CPU = Release|Any CPU
	EndGlobalSection
	GlobalSection(ProjectConfigurationPlatforms) = postSolution
		{A2E85FB0-23DB-46C2-8D6F-1C835997B5EA}.Debug|Any CPU.ActiveCfg = Debug|Any CPU
		{A2E85FB0-23DB-46C2-8D6F-1C835997B5EA}.Debug|Any CPU.Build.0 = Debug|Any CPU
		{A2E85FB0-23DB-46C2-8D6F-1C835997B5EA}.Release|Any CPU.ActiveCfg = Release|Any CPU
		{A2E85FB0-23DB-46C2-8D6F-1C835997B5EA}.Release|Any CPU.Build.0 = Release|Any CPU
		{0F8525A5-B6EE-440D-B138-3A2E2CC77BE7}.Debug|Any CPU.ActiveCfg = Debug|Any CPU
		{0F8525A5-B6EE-440D-B138-3A2E2CC77BE7}.Debug|Any CPU.Build.0 = Debug|Any CPU
		{0F8525A5-B6EE-440D-B138-3A2E2CC77BE7}.Release|Any CPU.ActiveCfg = Release|Any CPU
		{0F8525A5-B6EE-440D-B138-3A2E2CC77BE7}.Release|Any CPU.Build.0 = Release|Any CPU
		{20496100-D912-4BD3-9EA5-D18FEDCFF60C}.Debug|Any CPU.ActiveCfg = Debug|Any CPU
		{20496100-D912-4BD3-9EA5-D18FEDCFF60C}.Debug|Any CPU.Build.0 = Debug|Any CPU
		{20496100-D912-4BD3-9EA5-D18FEDCFF60C}.Release|Any CPU.ActiveCfg = Release|Any CPU
		{20496100-D912-4BD3-9EA5-D18FEDCFF60C}.Release|Any CPU.Build.0 = Release|Any CPU
		{683A0F38-DCD4-42CD-BF50-E44C9E980F4B}.Debug|Any CPU.ActiveCfg = Debug|Any CPU
		{683A0F38-DCD4-42CD-BF50-E44C9E980F4B}.Debug|Any CPU.Build.0 = Debug|Any CPU
		{683A0F38-DCD4-42CD-BF50-E44C9E980F4B}.Release|Any CPU.ActiveCfg = Release|Any CPU
		{683A0F38-DCD4-42CD-BF50-E44C9E980F4B}.Release|Any CPU.Build.0 = Release|Any CPU
		{E66CFA7B-BEB9-4278-9DCD-167C767E0570}.Debug|Any CPU.ActiveCfg = Debug|Any CPU
		{E66CFA7B-BEB9-4278-9DCD-167C767E0570}.Debug|Any CPU.Build.0 = Debug|Any CPU
		{E66CFA7B-BEB9-4278-9DCD-167C767E0570}.Release|Any CPU.ActiveCfg = Release|Any CPU
		{E66CFA7B-BEB9-4278-9DCD-167C767E0570}.Release|Any CPU.Build.0 = Release|Any CPU
		{46F39E9C-3551-494E-8AFE-31F17673F87C}.Debug|Any CPU.ActiveCfg = Debug|Any CPU
		{46F39E9C-3551-494E-8AFE-31F17673F87C}.Debug|Any CPU.Build.0 = Debug|Any CPU
		{46F39E9C-3551-494E-8AFE-31F17673F87C}.Release|Any CPU.ActiveCfg = Release|Any CPU
		{46F39E9C-3551-494E-8AFE-31F17673F87C}.Release|Any CPU.Build.0 = Release|Any CPU
		{C311B3FD-0735-4675-895A-C62B6270E974}.Debug|Any CPU.ActiveCfg = Debug|Any CPU
		{C311B3FD-0735-4675-895A-C62B6270E974}.Debug|Any CPU.Build.0 = Debug|Any CPU
		{C311B3FD-0735-4675-895A-C62B6270E974}.Release|Any CPU.ActiveCfg = Release|Any CPU
		{C311B3FD-0735-4675-895A-C62B6270E974}.Release|Any CPU.Build.0 = Release|Any CPU
		{ED8CD18D-3522-4C14-826C-184A5B5DD98F}.Debug|Any CPU.ActiveCfg = Debug|Any CPU
		{ED8CD18D-3522-4C14-826C-184A5B5DD98F}.Debug|Any CPU.Build.0 = Debug|Any CPU
		{ED8CD18D-3522-4C14-826C-184A5B5DD98F}.Release|Any CPU.ActiveCfg = Release|Any CPU
		{ED8CD18D-3522-4C14-826C-184A5B5DD98F}.Release|Any CPU.Build.0 = Release|Any CPU
		{F5543054-EB09-414A-9318-28622D75C3CF}.Debug|Any CPU.ActiveCfg = Debug|Any CPU
		{F5543054-EB09-414A-9318-28622D75C3CF}.Debug|Any CPU.Build.0 = Debug|Any CPU
		{F5543054-EB09-414A-9318-28622D75C3CF}.Release|Any CPU.ActiveCfg = Release|Any CPU
		{F5543054-EB09-414A-9318-28622D75C3CF}.Release|Any CPU.Build.0 = Release|Any CPU
		{D864CD7E-1F73-4E46-B237-5C0CFEB61779}.Debug|Any CPU.ActiveCfg = Debug|Any CPU
		{D864CD7E-1F73-4E46-B237-5C0CFEB61779}.Debug|Any CPU.Build.0 = Debug|Any CPU
		{D864CD7E-1F73-4E46-B237-5C0CFEB61779}.Release|Any CPU.ActiveCfg = Release|Any CPU
		{D864CD7E-1F73-4E46-B237-5C0CFEB61779}.Release|Any CPU.Build.0 = Release|Any CPU
	EndGlobalSection
	GlobalSection(SolutionProperties) = preSolution
		HideSolutionNode = FALSE
	EndGlobalSection
	GlobalSection(NestedProjects) = preSolution
		{A2E85FB0-23DB-46C2-8D6F-1C835997B5EA} = {5926FE44-FC76-4C5B-91FE-11DEAF747CB6}
		{0F8525A5-B6EE-440D-B138-3A2E2CC77BE7} = {5926FE44-FC76-4C5B-91FE-11DEAF747CB6}
		{20496100-D912-4BD3-9EA5-D18FEDCFF60C} = {5926FE44-FC76-4C5B-91FE-11DEAF747CB6}
		{683A0F38-DCD4-42CD-BF50-E44C9E980F4B} = {5926FE44-FC76-4C5B-91FE-11DEAF747CB6}
		{E66CFA7B-BEB9-4278-9DCD-167C767E0570} = {25440695-9687-4194-BFCB-0A4FC7D1DC01}
		{46F39E9C-3551-494E-8AFE-31F17673F87C} = {25440695-9687-4194-BFCB-0A4FC7D1DC01}
		{C311B3FD-0735-4675-895A-C62B6270E974} = {25440695-9687-4194-BFCB-0A4FC7D1DC01}
		{ED8CD18D-3522-4C14-826C-184A5B5DD98F} = {5926FE44-FC76-4C5B-91FE-11DEAF747CB6}
		{F5543054-EB09-414A-9318-28622D75C3CF} = {25440695-9687-4194-BFCB-0A4FC7D1DC01}
		{D864CD7E-1F73-4E46-B237-5C0CFEB61779} = {5926FE44-FC76-4C5B-91FE-11DEAF747CB6}
	EndGlobalSection
	GlobalSection(ExtensibilityGlobals) = postSolution
		SolutionGuid = {ED4C4013-F10A-4A88-978D-7A3448ED5BAF}
	EndGlobalSection
EndGlobal
