
Microsoft Visual Studio Solution File, Format Version 12.00
# Visual Studio Version 17
VisualStudioVersion = 17.9.34728.123
MinimumVisualStudioVersion = 10.0.40219.1
Project("{2150E333-8FDC-42A3-9474-1A3956D46DE8}") = "src", "src", "{25440695-9687-4194-BFCB-0A4FC7D1DC01}"
EndProject
Project("{9A19103F-16F7-4668-BE54-9A1E7A4F7556}") = "Noelle.Todo.Domain", "src\Noelle.Todo.Domain\Noelle.Todo.Domain.csproj", "{E66CFA7B-BEB9-4278-9DCD-167C767E0570}"
EndProject
Project("{9A19103F-16F7-4668-BE54-9A1E7A4F7556}") = "Noelle.Todo.Infrastructure", "src\Noelle.Todo.Infrastructure\Noelle.Todo.Infrastructure.csproj", "{46F39E9C-3551-494E-8AFE-31F17673F87C}"
EndProject
Project("{9A19103F-16F7-4668-BE54-9A1E7A4F7556}") = "Noelle.Todo.DbMigratior", "src\Noelle.Todo.Migratior\Noelle.Todo.DbMigratior.csproj", "{C311B3FD-0735-4675-895A-C62B6270E974}"
EndProject
Project("{9A19103F-16F7-4668-BE54-9A1E7A4F7556}") = "Noelle.Todo.WebApi", "src\Noelle.Todo.WebApi\Noelle.Todo.WebApi.csproj", "{F5543054-EB09-414A-9318-28622D75C3CF}"
EndProject
Global
	GlobalSection(SolutionConfigurationPlatforms) = preSolution
		Debug|Any CPU = Debug|Any CPU
		Release|Any CPU = Release|Any CPU
	EndGlobalSection
	GlobalSection(ProjectConfigurationPlatforms) = postSolution
		{E66CFA7B-BEB9-4278-9DCD-167C767E0570}.Debug|Any CPU.ActiveCfg = Debug|Any CPU
		{E66CFA7B-BEB9-4278-9DCD-167C767E0570}.Debug|Any CPU.Build.0 = Debug|Any CPU
		{E66CFA7B-BEB9-4278-9DCD-167C767E0570}.Release|Any CPU.ActiveCfg = Release|Any CPU
		{E66CFA7B-BEB9-4278-9DCD-167C767E0570}.Release|Any CPU.Build.0 = Release|Any CPU
		{46F39E9C-3551-494E-8AFE-31F17673F87C}.Debug|Any CPU.ActiveCfg = Debug|Any CPU
		{46F39E9C-3551-494E-8AFE-31F17673F87C}.Debug|Any CPU.Build.0 = Debug|Any CPU
		{46F39E9C-3551-494E-8AFE-31F17673F87C}.Release|Any CPU.ActiveCfg = Release|Any CPU
		{46F39E9C-3551-494E-8AFE-31F17673F87C}.Release|Any CPU.Build.0 = Release|Any CPU
		{C311B3FD-0735-4675-895A-C62B6270E974}.Debug|Any CPU.ActiveCfg = Debug|Any CPU
		{C311B3FD-0735-4675-895A-C62B6270E974}.Debug|Any CPU.Build.0 = Debug|Any CPU
		{C311B3FD-0735-4675-895A-C62B6270E974}.Release|Any CPU.ActiveCfg = Release|Any CPU
		{C311B3FD-0735-4675-895A-C62B6270E974}.Release|Any CPU.Build.0 = Release|Any CPU
		{F5543054-EB09-414A-9318-28622D75C3CF}.Debug|Any CPU.ActiveCfg = Debug|Any CPU
		{F5543054-EB09-414A-9318-28622D75C3CF}.Debug|Any CPU.Build.0 = Debug|Any CPU
		{F5543054-EB09-414A-9318-28622D75C3CF}.Release|Any CPU.ActiveCfg = Release|Any CPU
		{F5543054-EB09-414A-9318-28622D75C3CF}.Release|Any CPU.Build.0 = Release|Any CPU
	EndGlobalSection
	GlobalSection(SolutionProperties) = preSolution
		HideSolutionNode = FALSE
	EndGlobalSection
	GlobalSection(NestedProjects) = preSolution
		{E66CFA7B-BEB9-4278-9DCD-167C767E0570} = {25440695-9687-4194-BFCB-0A4FC7D1DC01}
		{46F39E9C-3551-494E-8AFE-31F17673F87C} = {25440695-9687-4194-BFCB-0A4FC7D1DC01}
		{C311B3FD-0735-4675-895A-C62B6270E974} = {25440695-9687-4194-BFCB-0A4FC7D1DC01}
		{F5543054-EB09-414A-9318-28622D75C3CF} = {25440695-9687-4194-BFCB-0A4FC7D1DC01}
	EndGlobalSection
	GlobalSection(ExtensibilityGlobals) = postSolution
		SolutionGuid = {ED4C4013-F10A-4A88-978D-7A3448ED5BAF}
	EndGlobalSection
EndGlobal
